PODS:
  - ARCL (1.0.2)
  - LiquidLoader (1.2.1)
  - MKRingProgressView (1.1.4)

DEPENDENCIES:
  - ARCL (from `https://github.com/ProjectDent/ARKit-CoreLocation`, branch `master`)
  - LiquidLoader (from `https://github.com/yoavlt/LiquidLoader`, branch `master`)
  - MKRingProgressView

EXTERNAL SOURCES:
  ARCL:
    :branch: master
    :git: https://github.com/ProjectDent/ARKit-CoreLocation
  LiquidLoader:
    :branch: master
    :git: https://github.com/yoavlt/LiquidLoader

CHECKOUT OPTIONS:
  ARCL:
    :commit: 0b21e57998be41ea2c6f8f5093ec401cd5022866
    :git: https://github.com/ProjectDent/ARKit-CoreLocation
  LiquidLoader:
    :commit: fa296afc86927d9d5e9d211bbff71eb981cd0508
    :git: https://github.com/yoavlt/LiquidLoader

SPEC CHECKSUMS:
  ARCL: 81ca9299eec52de30fb6e2b11ea5728e2e0a3c1f
  LiquidLoader: 73adf4f43b260ecb9dae807064e566d72c629dfd
  MKRingProgressView: fbcfe6e5485404fc4e4bc3becbed4a1c8c7df715

PODFILE CHECKSUM: c96c8ea364bb8f17e5fc376235da4852fbacc9ae

COCOAPODS: 1.2.0
